
Microsoft Visual Studio Solution File, Format Version 11.00
# Visual Studio 2010
Project("{FAE04EC0-301F-11D3-BF4B-00C04F79EFBC}") = "YearToTorahVerse", "src\YearToTorahVerse\YearToTorahVerse.csproj", "{F1FB9A27-32D0-4155-B364-A261EA3B52B3}"
EndProject
Project("{FAE04EC0-301F-11D3-BF4B-00C04F79EFBC}") = "YearToTorahVerse.Framework", "src\YearToTorahVerse.Framework\YearToTorahVerse.Framework.csproj", "{20817834-F785-4132-9FCE-6AF452B01FE6}"
EndProject
Project("{FAE04EC0-301F-11D3-BF4B-00C04F79EFBC}") = "YearToTorahVerse.Tests", "src\YearToTorahVerse.Tests\YearToTorahVerse.Tests.csproj", "{DEBF1D73-2CA0-4AC1-BD41-D12D1B3F84D3}"
EndProject
Global
	GlobalSection(SolutionConfigurationPlatforms) = preSolution
		Debug|Any CPU = Debug|Any CPU
		Debug|Mixed Platforms = Debug|Mixed Platforms
		Debug|x86 = Debug|x86
		Release|Any CPU = Release|Any CPU
		Release|Mixed Platforms = Release|Mixed Platforms
		Release|x86 = Release|x86
	EndGlobalSection
	GlobalSection(ProjectConfigurationPlatforms) = postSolution
		{F1FB9A27-32D0-4155-B364-A261EA3B52B3}.Debug|Any CPU.ActiveCfg = Debug|x86
		{F1FB9A27-32D0-4155-B364-A261EA3B52B3}.Debug|Mixed Platforms.ActiveCfg = Debug|x86
		{F1FB9A27-32D0-4155-B364-A261EA3B52B3}.Debug|Mixed Platforms.Build.0 = Debug|x86
		{F1FB9A27-32D0-4155-B364-A261EA3B52B3}.Debug|x86.ActiveCfg = Debug|x86
		{F1FB9A27-32D0-4155-B364-A261EA3B52B3}.Debug|x86.Build.0 = Debug|x86
		{F1FB9A27-32D0-4155-B364-A261EA3B52B3}.Release|Any CPU.ActiveCfg = Release|x86
		{F1FB9A27-32D0-4155-B364-A261EA3B52B3}.Release|Mixed Platforms.ActiveCfg = Release|x86
		{F1FB9A27-32D0-4155-B364-A261EA3B52B3}.Release|Mixed Platforms.Build.0 = Release|x86
		{F1FB9A27-32D0-4155-B364-A261EA3B52B3}.Release|x86.ActiveCfg = Release|x86
		{F1FB9A27-32D0-4155-B364-A261EA3B52B3}.Release|x86.Build.0 = Release|x86
		{20817834-F785-4132-9FCE-6AF452B01FE6}.Debug|Any CPU.ActiveCfg = Debug|Any CPU
		{20817834-F785-4132-9FCE-6AF452B01FE6}.Debug|Any CPU.Build.0 = Debug|Any CPU
		{20817834-F785-4132-9FCE-6AF452B01FE6}.Debug|Mixed Platforms.ActiveCfg = Debug|Any CPU
		{20817834-F785-4132-9FCE-6AF452B01FE6}.Debug|Mixed Platforms.Build.0 = Debug|Any CPU
		{20817834-F785-4132-9FCE-6AF452B01FE6}.Debug|x86.ActiveCfg = Debug|Any CPU
		{20817834-F785-4132-9FCE-6AF452B01FE6}.Release|Any CPU.ActiveCfg = Release|Any CPU
		{20817834-F785-4132-9FCE-6AF452B01FE6}.Release|Any CPU.Build.0 = Release|Any CPU
		{20817834-F785-4132-9FCE-6AF452B01FE6}.Release|Mixed Platforms.ActiveCfg = Release|Any CPU
		{20817834-F785-4132-9FCE-6AF452B01FE6}.Release|Mixed Platforms.Build.0 = Release|Any CPU
		{20817834-F785-4132-9FCE-6AF452B01FE6}.Release|x86.ActiveCfg = Release|Any CPU
		{DEBF1D73-2CA0-4AC1-BD41-D12D1B3F84D3}.Debug|Any CPU.ActiveCfg = Debug|Any CPU
		{DEBF1D73-2CA0-4AC1-BD41-D12D1B3F84D3}.Debug|Any CPU.Build.0 = Debug|Any CPU
		{DEBF1D73-2CA0-4AC1-BD41-D12D1B3F84D3}.Debug|Mixed Platforms.ActiveCfg = Debug|Any CPU
		{DEBF1D73-2CA0-4AC1-BD41-D12D1B3F84D3}.Debug|Mixed Platforms.Build.0 = Debug|Any CPU
		{DEBF1D73-2CA0-4AC1-BD41-D12D1B3F84D3}.Debug|x86.ActiveCfg = Debug|Any CPU
		{DEBF1D73-2CA0-4AC1-BD41-D12D1B3F84D3}.Release|Any CPU.ActiveCfg = Release|Any CPU
		{DEBF1D73-2CA0-4AC1-BD41-D12D1B3F84D3}.Release|Any CPU.Build.0 = Release|Any CPU
		{DEBF1D73-2CA0-4AC1-BD41-D12D1B3F84D3}.Release|Mixed Platforms.ActiveCfg = Release|Any CPU
		{DEBF1D73-2CA0-4AC1-BD41-D12D1B3F84D3}.Release|Mixed Platforms.Build.0 = Release|Any CPU
		{DEBF1D73-2CA0-4AC1-BD41-D12D1B3F84D3}.Release|x86.ActiveCfg = Release|Any CPU
	EndGlobalSection
	GlobalSection(SolutionProperties) = preSolution
		HideSolutionNode = FALSE
	EndGlobalSection
EndGlobal
